
Microsoft Visual Studio Solution File, Format Version 12.00
# Visual Studio Version 17
VisualStudioVersion = 17.3.32825.248
MinimumVisualStudioVersion = 10.0.40219.1
Project("{9A19103F-16F7-4668-BE54-9A1E7A4F7556}") = "Kochkareva var16", "Kochkareva var16\Kochkareva var16.csproj", "{2DBD1498-0C50-4880-AE39-F148763B02D7}"
EndProject
Project("{FAE04EC0-301F-11D3-BF4B-00C04F79EFBC}") = "TestComponents", "TestComponents\TestComponents.csproj", "{D87BB18B-1C8F-4DD0-B495-A51F9F84B23F}"
EndProject
Global
	GlobalSection(SolutionConfigurationPlatforms) = preSolution
		Debug|Any CPU = Debug|Any CPU
		Release|Any CPU = Release|Any CPU
	EndGlobalSection
	GlobalSection(ProjectConfigurationPlatforms) = postSolution
		{2DBD1498-0C50-4880-AE39-F148763B02D7}.Debug|Any CPU.ActiveCfg = Debug|Any CPU
		{2DBD1498-0C50-4880-AE39-F148763B02D7}.Debug|Any CPU.Build.0 = Debug|Any CPU
		{2DBD1498-0C50-4880-AE39-F148763B02D7}.Release|Any CPU.ActiveCfg = Release|Any CPU
		{2DBD1498-0C50-4880-AE39-F148763B02D7}.Release|Any CPU.Build.0 = Release|Any CPU
		{D87BB18B-1C8F-4DD0-B495-A51F9F84B23F}.Debug|Any CPU.ActiveCfg = Debug|Any CPU
		{D87BB18B-1C8F-4DD0-B495-A51F9F84B23F}.Debug|Any CPU.Build.0 = Debug|Any CPU
		{D87BB18B-1C8F-4DD0-B495-A51F9F84B23F}.Release|Any CPU.ActiveCfg = Release|Any CPU
		{D87BB18B-1C8F-4DD0-B495-A51F9F84B23F}.Release|Any CPU.Build.0 = Release|Any CPU
	EndGlobalSection
	GlobalSection(SolutionProperties) = preSolution
		HideSolutionNode = FALSE
	EndGlobalSection
	GlobalSection(ExtensibilityGlobals) = postSolution
		SolutionGuid = {046592D5-677D-4B15-A058-A60872A1A537}
	EndGlobalSection
EndGlobal
